
Microsoft Visual Studio Solution File, Format Version 12.00
# Visual Studio 15
VisualStudioVersion = 15.0.28307.271
MinimumVisualStudioVersion = 10.0.40219.1
Project("{8BC9CEB8-8B4A-11D0-8D11-00A0C91BC942}") = "Question_5", "Question_5\Question_5.vcxproj", "{42E892CC-8BCF-44E0-AB87-0A306CE117EC}"
EndProject
Global
	GlobalSection(SolutionConfigurationPlatforms) = preSolution
		Debug|x64 = Debug|x64
		Debug|x86 = Debug|x86
		Release|x64 = Release|x64
		Release|x86 = Release|x86
	EndGlobalSection
	GlobalSection(ProjectConfigurationPlatforms) = postSolution
		{42E892CC-8BCF-44E0-AB87-0A306CE117EC}.Debug|x64.ActiveCfg = Debug|x64
		{42E892CC-8BCF-44E0-AB87-0A306CE117EC}.Debug|x64.Build.0 = Debug|x64
		{42E892CC-8BCF-44E0-AB87-0A306CE117EC}.Debug|x86.ActiveCfg = Debug|Win32
		{42E892CC-8BCF-44E0-AB87-0A306CE117EC}.Debug|x86.Build.0 = Debug|Win32
		{42E892CC-8BCF-44E0-AB87-0A306CE117EC}.Release|x64.ActiveCfg = Release|x64
		{42E892CC-8BCF-44E0-AB87-0A306CE117EC}.Release|x64.Build.0 = Release|x64
		{42E892CC-8BCF-44E0-AB87-0A306CE117EC}.Release|x86.ActiveCfg = Release|Win32
		{42E892CC-8BCF-44E0-AB87-0A306CE117EC}.Release|x86.Build.0 = Release|Win32
	EndGlobalSection
	GlobalSection(SolutionProperties) = preSolution
		HideSolutionNode = FALSE
	EndGlobalSection
	GlobalSection(ExtensibilityGlobals) = postSolution
		SolutionGuid = {8D1610F2-89F0-451C-A1F8-8031F2AE4C2C}
	EndGlobalSection
EndGlobal
