
Microsoft Visual Studio Solution File, Format Version 12.00
# Visual Studio 15
VisualStudioVersion = 15.0.28307.271
MinimumVisualStudioVersion = 10.0.40219.1
Project("{8BC9CEB8-8B4A-11D0-8D11-00A0C91BC942}") = "q4", "q4\q4.vcxproj", "{56C986BC-C769-4CF6-A4A2-2A9F0A72B18E}"
EndProject
Global
	GlobalSection(SolutionConfigurationPlatforms) = preSolution
		Debug|x64 = Debug|x64
		Debug|x86 = Debug|x86
		Release|x64 = Release|x64
		Release|x86 = Release|x86
	EndGlobalSection
	GlobalSection(ProjectConfigurationPlatforms) = postSolution
		{56C986BC-C769-4CF6-A4A2-2A9F0A72B18E}.Debug|x64.ActiveCfg = Debug|x64
		{56C986BC-C769-4CF6-A4A2-2A9F0A72B18E}.Debug|x64.Build.0 = Debug|x64
		{56C986BC-C769-4CF6-A4A2-2A9F0A72B18E}.Debug|x86.ActiveCfg = Debug|Win32
		{56C986BC-C769-4CF6-A4A2-2A9F0A72B18E}.Debug|x86.Build.0 = Debug|Win32
		{56C986BC-C769-4CF6-A4A2-2A9F0A72B18E}.Release|x64.ActiveCfg = Release|x64
		{56C986BC-C769-4CF6-A4A2-2A9F0A72B18E}.Release|x64.Build.0 = Release|x64
		{56C986BC-C769-4CF6-A4A2-2A9F0A72B18E}.Release|x86.ActiveCfg = Release|Win32
		{56C986BC-C769-4CF6-A4A2-2A9F0A72B18E}.Release|x86.Build.0 = Release|Win32
	EndGlobalSection
	GlobalSection(SolutionProperties) = preSolution
		HideSolutionNode = FALSE
	EndGlobalSection
	GlobalSection(ExtensibilityGlobals) = postSolution
		SolutionGuid = {23B07BE0-BAC2-48A1-A5F9-291F2541F825}
	EndGlobalSection
EndGlobal
